
Microsoft Visual Studio Solution File, Format Version 12.00
# Visual Studio 15
VisualStudioVersion = 15.0.26124.0
MinimumVisualStudioVersion = 15.0.26124.0
Project("{2150E333-8FDC-42A3-9474-1A3956D46DE8}") = "ptlibs", "ptlibs", "{ED6757F2-767E-4184-9B52-AF4D480366D6}"
EndProject
Project("{FAE04EC0-301F-11D3-BF4B-00C04F79EFBC}") = "ptUI", "ptlibs\ptUI\ptUI.csproj", "{1A5DAAC4-B697-4F02-BACA-7EFBF3125AC5}"
EndProject
Project("{FAE04EC0-301F-11D3-BF4B-00C04F79EFBC}") = "ptSystems", "ptlibs\ptSystems\ptSystems.csproj", "{B51A62D7-6A5B-45B2-8DFA-4DD6D0F4B855}"
EndProject
Project("{FAE04EC0-301F-11D3-BF4B-00C04F79EFBC}") = "ptUtils", "ptlibs\ptUtils\ptUtils.csproj", "{73AAFD7E-E5F3-43E7-AEA7-016E9513ACDD}"
EndProject
Project("{2150E333-8FDC-42A3-9474-1A3956D46DE8}") = "external", "external", "{3D119626-04A1-4933-885A-4ED883A9C39F}"
EndProject
Project("{FAE04EC0-301F-11D3-BF4B-00C04F79EFBC}") = "GAD375Prototyper", "ptlibs\external\GAD375Prototyper\GAD375Prototyper.csproj", "{FE650055-D586-4226-9991-C118D04906CA}"
EndProject
Project("{FAE04EC0-301F-11D3-BF4B-00C04F79EFBC}") = "Graphy", "ptlibs\external\Graphy\Graphy.csproj", "{3A509A02-B161-4E5A-8DF0-3C1577CE427E}"
EndProject
Project("{FAE04EC0-301F-11D3-BF4B-00C04F79EFBC}") = "PixelPerfectCamera", "ptlibs\external\PixelPerfectCamera\PixelPerfectCamera.csproj", "{C3F7CCD7-7ABD-45DD-9D23-7A8176F81A86}"
EndProject
Project("{FAE04EC0-301F-11D3-BF4B-00C04F79EFBC}") = "Yarnspinner", "ptlibs\external\Yarnspinner\Yarnspinner.csproj", "{E03DF0FA-5898-4BAE-9863-0AC8D699E779}"
EndProject
Global
	GlobalSection(SolutionConfigurationPlatforms) = preSolution
		Debug|Any CPU = Debug|Any CPU
		Debug|x64 = Debug|x64
		Debug|x86 = Debug|x86
		Release|Any CPU = Release|Any CPU
		Release|x64 = Release|x64
		Release|x86 = Release|x86
	EndGlobalSection
	GlobalSection(SolutionProperties) = preSolution
		HideSolutionNode = FALSE
	EndGlobalSection
	GlobalSection(ProjectConfigurationPlatforms) = postSolution
		{1A5DAAC4-B697-4F02-BACA-7EFBF3125AC5}.Debug|Any CPU.ActiveCfg = Debug|Any CPU
		{1A5DAAC4-B697-4F02-BACA-7EFBF3125AC5}.Debug|Any CPU.Build.0 = Debug|Any CPU
		{1A5DAAC4-B697-4F02-BACA-7EFBF3125AC5}.Debug|x64.ActiveCfg = Debug|Any CPU
		{1A5DAAC4-B697-4F02-BACA-7EFBF3125AC5}.Debug|x64.Build.0 = Debug|Any CPU
		{1A5DAAC4-B697-4F02-BACA-7EFBF3125AC5}.Debug|x86.ActiveCfg = Debug|Any CPU
		{1A5DAAC4-B697-4F02-BACA-7EFBF3125AC5}.Debug|x86.Build.0 = Debug|Any CPU
		{1A5DAAC4-B697-4F02-BACA-7EFBF3125AC5}.Release|Any CPU.ActiveCfg = Release|Any CPU
		{1A5DAAC4-B697-4F02-BACA-7EFBF3125AC5}.Release|Any CPU.Build.0 = Release|Any CPU
		{1A5DAAC4-B697-4F02-BACA-7EFBF3125AC5}.Release|x64.ActiveCfg = Release|Any CPU
		{1A5DAAC4-B697-4F02-BACA-7EFBF3125AC5}.Release|x64.Build.0 = Release|Any CPU
		{1A5DAAC4-B697-4F02-BACA-7EFBF3125AC5}.Release|x86.ActiveCfg = Release|Any CPU
		{1A5DAAC4-B697-4F02-BACA-7EFBF3125AC5}.Release|x86.Build.0 = Release|Any CPU
		{B51A62D7-6A5B-45B2-8DFA-4DD6D0F4B855}.Debug|Any CPU.ActiveCfg = Debug|Any CPU
		{B51A62D7-6A5B-45B2-8DFA-4DD6D0F4B855}.Debug|Any CPU.Build.0 = Debug|Any CPU
		{B51A62D7-6A5B-45B2-8DFA-4DD6D0F4B855}.Debug|x64.ActiveCfg = Debug|Any CPU
		{B51A62D7-6A5B-45B2-8DFA-4DD6D0F4B855}.Debug|x64.Build.0 = Debug|Any CPU
		{B51A62D7-6A5B-45B2-8DFA-4DD6D0F4B855}.Debug|x86.ActiveCfg = Debug|Any CPU
		{B51A62D7-6A5B-45B2-8DFA-4DD6D0F4B855}.Debug|x86.Build.0 = Debug|Any CPU
		{B51A62D7-6A5B-45B2-8DFA-4DD6D0F4B855}.Release|Any CPU.ActiveCfg = Release|Any CPU
		{B51A62D7-6A5B-45B2-8DFA-4DD6D0F4B855}.Release|Any CPU.Build.0 = Release|Any CPU
		{B51A62D7-6A5B-45B2-8DFA-4DD6D0F4B855}.Release|x64.ActiveCfg = Release|Any CPU
		{B51A62D7-6A5B-45B2-8DFA-4DD6D0F4B855}.Release|x64.Build.0 = Release|Any CPU
		{B51A62D7-6A5B-45B2-8DFA-4DD6D0F4B855}.Release|x86.ActiveCfg = Release|Any CPU
		{B51A62D7-6A5B-45B2-8DFA-4DD6D0F4B855}.Release|x86.Build.0 = Release|Any CPU
		{73AAFD7E-E5F3-43E7-AEA7-016E9513ACDD}.Debug|Any CPU.ActiveCfg = Debug|Any CPU
		{73AAFD7E-E5F3-43E7-AEA7-016E9513ACDD}.Debug|Any CPU.Build.0 = Debug|Any CPU
		{73AAFD7E-E5F3-43E7-AEA7-016E9513ACDD}.Debug|x64.ActiveCfg = Debug|Any CPU
		{73AAFD7E-E5F3-43E7-AEA7-016E9513ACDD}.Debug|x64.Build.0 = Debug|Any CPU
		{73AAFD7E-E5F3-43E7-AEA7-016E9513ACDD}.Debug|x86.ActiveCfg = Debug|Any CPU
		{73AAFD7E-E5F3-43E7-AEA7-016E9513ACDD}.Debug|x86.Build.0 = Debug|Any CPU
		{73AAFD7E-E5F3-43E7-AEA7-016E9513ACDD}.Release|Any CPU.ActiveCfg = Release|Any CPU
		{73AAFD7E-E5F3-43E7-AEA7-016E9513ACDD}.Release|Any CPU.Build.0 = Release|Any CPU
		{73AAFD7E-E5F3-43E7-AEA7-016E9513ACDD}.Release|x64.ActiveCfg = Release|Any CPU
		{73AAFD7E-E5F3-43E7-AEA7-016E9513ACDD}.Release|x64.Build.0 = Release|Any CPU
		{73AAFD7E-E5F3-43E7-AEA7-016E9513ACDD}.Release|x86.ActiveCfg = Release|Any CPU
		{73AAFD7E-E5F3-43E7-AEA7-016E9513ACDD}.Release|x86.Build.0 = Release|Any CPU
		{FE650055-D586-4226-9991-C118D04906CA}.Debug|Any CPU.ActiveCfg = Debug|Any CPU
		{FE650055-D586-4226-9991-C118D04906CA}.Debug|Any CPU.Build.0 = Debug|Any CPU
		{FE650055-D586-4226-9991-C118D04906CA}.Debug|x64.ActiveCfg = Debug|Any CPU
		{FE650055-D586-4226-9991-C118D04906CA}.Debug|x64.Build.0 = Debug|Any CPU
		{FE650055-D586-4226-9991-C118D04906CA}.Debug|x86.ActiveCfg = Debug|Any CPU
		{FE650055-D586-4226-9991-C118D04906CA}.Debug|x86.Build.0 = Debug|Any CPU
		{FE650055-D586-4226-9991-C118D04906CA}.Release|Any CPU.ActiveCfg = Release|Any CPU
		{FE650055-D586-4226-9991-C118D04906CA}.Release|Any CPU.Build.0 = Release|Any CPU
		{FE650055-D586-4226-9991-C118D04906CA}.Release|x64.ActiveCfg = Release|Any CPU
		{FE650055-D586-4226-9991-C118D04906CA}.Release|x64.Build.0 = Release|Any CPU
		{FE650055-D586-4226-9991-C118D04906CA}.Release|x86.ActiveCfg = Release|Any CPU
		{FE650055-D586-4226-9991-C118D04906CA}.Release|x86.Build.0 = Release|Any CPU
		{3A509A02-B161-4E5A-8DF0-3C1577CE427E}.Debug|Any CPU.ActiveCfg = Debug|Any CPU
		{3A509A02-B161-4E5A-8DF0-3C1577CE427E}.Debug|Any CPU.Build.0 = Debug|Any CPU
		{3A509A02-B161-4E5A-8DF0-3C1577CE427E}.Debug|x64.ActiveCfg = Debug|Any CPU
		{3A509A02-B161-4E5A-8DF0-3C1577CE427E}.Debug|x64.Build.0 = Debug|Any CPU
		{3A509A02-B161-4E5A-8DF0-3C1577CE427E}.Debug|x86.ActiveCfg = Debug|Any CPU
		{3A509A02-B161-4E5A-8DF0-3C1577CE427E}.Debug|x86.Build.0 = Debug|Any CPU
		{3A509A02-B161-4E5A-8DF0-3C1577CE427E}.Release|Any CPU.ActiveCfg = Release|Any CPU
		{3A509A02-B161-4E5A-8DF0-3C1577CE427E}.Release|Any CPU.Build.0 = Release|Any CPU
		{3A509A02-B161-4E5A-8DF0-3C1577CE427E}.Release|x64.ActiveCfg = Release|Any CPU
		{3A509A02-B161-4E5A-8DF0-3C1577CE427E}.Release|x64.Build.0 = Release|Any CPU
		{3A509A02-B161-4E5A-8DF0-3C1577CE427E}.Release|x86.ActiveCfg = Release|Any CPU
		{3A509A02-B161-4E5A-8DF0-3C1577CE427E}.Release|x86.Build.0 = Release|Any CPU
		{C3F7CCD7-7ABD-45DD-9D23-7A8176F81A86}.Debug|Any CPU.ActiveCfg = Debug|Any CPU
		{C3F7CCD7-7ABD-45DD-9D23-7A8176F81A86}.Debug|Any CPU.Build.0 = Debug|Any CPU
		{C3F7CCD7-7ABD-45DD-9D23-7A8176F81A86}.Debug|x64.ActiveCfg = Debug|Any CPU
		{C3F7CCD7-7ABD-45DD-9D23-7A8176F81A86}.Debug|x64.Build.0 = Debug|Any CPU
		{C3F7CCD7-7ABD-45DD-9D23-7A8176F81A86}.Debug|x86.ActiveCfg = Debug|Any CPU
		{C3F7CCD7-7ABD-45DD-9D23-7A8176F81A86}.Debug|x86.Build.0 = Debug|Any CPU
		{C3F7CCD7-7ABD-45DD-9D23-7A8176F81A86}.Release|Any CPU.ActiveCfg = Release|Any CPU
		{C3F7CCD7-7ABD-45DD-9D23-7A8176F81A86}.Release|Any CPU.Build.0 = Release|Any CPU
		{C3F7CCD7-7ABD-45DD-9D23-7A8176F81A86}.Release|x64.ActiveCfg = Release|Any CPU
		{C3F7CCD7-7ABD-45DD-9D23-7A8176F81A86}.Release|x64.Build.0 = Release|Any CPU
		{C3F7CCD7-7ABD-45DD-9D23-7A8176F81A86}.Release|x86.ActiveCfg = Release|Any CPU
		{C3F7CCD7-7ABD-45DD-9D23-7A8176F81A86}.Release|x86.Build.0 = Release|Any CPU
		{E03DF0FA-5898-4BAE-9863-0AC8D699E779}.Debug|Any CPU.ActiveCfg = Debug|Any CPU
		{E03DF0FA-5898-4BAE-9863-0AC8D699E779}.Debug|Any CPU.Build.0 = Debug|Any CPU
		{E03DF0FA-5898-4BAE-9863-0AC8D699E779}.Debug|x64.ActiveCfg = Debug|Any CPU
		{E03DF0FA-5898-4BAE-9863-0AC8D699E779}.Debug|x64.Build.0 = Debug|Any CPU
		{E03DF0FA-5898-4BAE-9863-0AC8D699E779}.Debug|x86.ActiveCfg = Debug|Any CPU
		{E03DF0FA-5898-4BAE-9863-0AC8D699E779}.Debug|x86.Build.0 = Debug|Any CPU
		{E03DF0FA-5898-4BAE-9863-0AC8D699E779}.Release|Any CPU.ActiveCfg = Release|Any CPU
		{E03DF0FA-5898-4BAE-9863-0AC8D699E779}.Release|Any CPU.Build.0 = Release|Any CPU
		{E03DF0FA-5898-4BAE-9863-0AC8D699E779}.Release|x64.ActiveCfg = Release|Any CPU
		{E03DF0FA-5898-4BAE-9863-0AC8D699E779}.Release|x64.Build.0 = Release|Any CPU
		{E03DF0FA-5898-4BAE-9863-0AC8D699E779}.Release|x86.ActiveCfg = Release|Any CPU
		{E03DF0FA-5898-4BAE-9863-0AC8D699E779}.Release|x86.Build.0 = Release|Any CPU
	EndGlobalSection
	GlobalSection(NestedProjects) = preSolution
		{1A5DAAC4-B697-4F02-BACA-7EFBF3125AC5} = {ED6757F2-767E-4184-9B52-AF4D480366D6}
		{B51A62D7-6A5B-45B2-8DFA-4DD6D0F4B855} = {ED6757F2-767E-4184-9B52-AF4D480366D6}
		{73AAFD7E-E5F3-43E7-AEA7-016E9513ACDD} = {ED6757F2-767E-4184-9B52-AF4D480366D6}
		{3D119626-04A1-4933-885A-4ED883A9C39F} = {ED6757F2-767E-4184-9B52-AF4D480366D6}
		{FE650055-D586-4226-9991-C118D04906CA} = {3D119626-04A1-4933-885A-4ED883A9C39F}
		{3A509A02-B161-4E5A-8DF0-3C1577CE427E} = {3D119626-04A1-4933-885A-4ED883A9C39F}
		{C3F7CCD7-7ABD-45DD-9D23-7A8176F81A86} = {3D119626-04A1-4933-885A-4ED883A9C39F}
		{E03DF0FA-5898-4BAE-9863-0AC8D699E779} = {3D119626-04A1-4933-885A-4ED883A9C39F}
	EndGlobalSection
EndGlobal
