
Microsoft Visual Studio Solution File, Format Version 12.00
# Visual Studio 15
VisualStudioVersion = 15.0.26124.0
MinimumVisualStudioVersion = 15.0.26124.0
Project("{2150E333-8FDC-42A3-9474-1A3956D46DE8}") = "ptlibs", "ptlibs", "{ED6757F2-767E-4184-9B52-AF4D480366D6}"
EndProject
Project("{FAE04EC0-301F-11D3-BF4B-00C04F79EFBC}") = "ptUI", "ptlibs\ptUI\ptUI.csproj", "{1A5DAAC4-B697-4F02-BACA-7EFBF3125AC5}"
EndProject
Project("{FAE04EC0-301F-11D3-BF4B-00C04F79EFBC}") = "ptSystems", "ptlibs\ptSystems\ptSystems.csproj", "{B51A62D7-6A5B-45B2-8DFA-4DD6D0F4B855}"
EndProject
Project("{FAE04EC0-301F-11D3-BF4B-00C04F79EFBC}") = "ptUtils", "ptlibs\ptUtils\ptUtils.csproj", "{73AAFD7E-E5F3-43E7-AEA7-016E9513ACDD}"
EndProject
Global
	GlobalSection(SolutionConfigurationPlatforms) = preSolution
		Debug|Any CPU = Debug|Any CPU
		Debug|x64 = Debug|x64
		Debug|x86 = Debug|x86
		Release|Any CPU = Release|Any CPU
		Release|x64 = Release|x64
		Release|x86 = Release|x86
	EndGlobalSection
	GlobalSection(SolutionProperties) = preSolution
		HideSolutionNode = FALSE
	EndGlobalSection
	GlobalSection(ProjectConfigurationPlatforms) = postSolution
		{1A5DAAC4-B697-4F02-BACA-7EFBF3125AC5}.Debug|Any CPU.ActiveCfg = Debug|Any CPU
		{1A5DAAC4-B697-4F02-BACA-7EFBF3125AC5}.Debug|Any CPU.Build.0 = Debug|Any CPU
		{1A5DAAC4-B697-4F02-BACA-7EFBF3125AC5}.Debug|x64.ActiveCfg = Debug|Any CPU
		{1A5DAAC4-B697-4F02-BACA-7EFBF3125AC5}.Debug|x64.Build.0 = Debug|Any CPU
		{1A5DAAC4-B697-4F02-BACA-7EFBF3125AC5}.Debug|x86.ActiveCfg = Debug|Any CPU
		{1A5DAAC4-B697-4F02-BACA-7EFBF3125AC5}.Debug|x86.Build.0 = Debug|Any CPU
		{1A5DAAC4-B697-4F02-BACA-7EFBF3125AC5}.Release|Any CPU.ActiveCfg = Release|Any CPU
		{1A5DAAC4-B697-4F02-BACA-7EFBF3125AC5}.Release|Any CPU.Build.0 = Release|Any CPU
		{1A5DAAC4-B697-4F02-BACA-7EFBF3125AC5}.Release|x64.ActiveCfg = Release|Any CPU
		{1A5DAAC4-B697-4F02-BACA-7EFBF3125AC5}.Release|x64.Build.0 = Release|Any CPU
		{1A5DAAC4-B697-4F02-BACA-7EFBF3125AC5}.Release|x86.ActiveCfg = Release|Any CPU
		{1A5DAAC4-B697-4F02-BACA-7EFBF3125AC5}.Release|x86.Build.0 = Release|Any CPU
		{B51A62D7-6A5B-45B2-8DFA-4DD6D0F4B855}.Debug|Any CPU.ActiveCfg = Debug|Any CPU
		{B51A62D7-6A5B-45B2-8DFA-4DD6D0F4B855}.Debug|Any CPU.Build.0 = Debug|Any CPU
		{B51A62D7-6A5B-45B2-8DFA-4DD6D0F4B855}.Debug|x64.ActiveCfg = Debug|Any CPU
		{B51A62D7-6A5B-45B2-8DFA-4DD6D0F4B855}.Debug|x64.Build.0 = Debug|Any CPU
		{B51A62D7-6A5B-45B2-8DFA-4DD6D0F4B855}.Debug|x86.ActiveCfg = Debug|Any CPU
		{B51A62D7-6A5B-45B2-8DFA-4DD6D0F4B855}.Debug|x86.Build.0 = Debug|Any CPU
		{B51A62D7-6A5B-45B2-8DFA-4DD6D0F4B855}.Release|Any CPU.ActiveCfg = Release|Any CPU
		{B51A62D7-6A5B-45B2-8DFA-4DD6D0F4B855}.Release|Any CPU.Build.0 = Release|Any CPU
		{B51A62D7-6A5B-45B2-8DFA-4DD6D0F4B855}.Release|x64.ActiveCfg = Release|Any CPU
		{B51A62D7-6A5B-45B2-8DFA-4DD6D0F4B855}.Release|x64.Build.0 = Release|Any CPU
		{B51A62D7-6A5B-45B2-8DFA-4DD6D0F4B855}.Release|x86.ActiveCfg = Release|Any CPU
		{B51A62D7-6A5B-45B2-8DFA-4DD6D0F4B855}.Release|x86.Build.0 = Release|Any CPU
		{73AAFD7E-E5F3-43E7-AEA7-016E9513ACDD}.Debug|Any CPU.ActiveCfg = Debug|Any CPU
		{73AAFD7E-E5F3-43E7-AEA7-016E9513ACDD}.Debug|Any CPU.Build.0 = Debug|Any CPU
		{73AAFD7E-E5F3-43E7-AEA7-016E9513ACDD}.Debug|x64.ActiveCfg = Debug|Any CPU
		{73AAFD7E-E5F3-43E7-AEA7-016E9513ACDD}.Debug|x64.Build.0 = Debug|Any CPU
		{73AAFD7E-E5F3-43E7-AEA7-016E9513ACDD}.Debug|x86.ActiveCfg = Debug|Any CPU
		{73AAFD7E-E5F3-43E7-AEA7-016E9513ACDD}.Debug|x86.Build.0 = Debug|Any CPU
		{73AAFD7E-E5F3-43E7-AEA7-016E9513ACDD}.Release|Any CPU.ActiveCfg = Release|Any CPU
		{73AAFD7E-E5F3-43E7-AEA7-016E9513ACDD}.Release|Any CPU.Build.0 = Release|Any CPU
		{73AAFD7E-E5F3-43E7-AEA7-016E9513ACDD}.Release|x64.ActiveCfg = Release|Any CPU
		{73AAFD7E-E5F3-43E7-AEA7-016E9513ACDD}.Release|x64.Build.0 = Release|Any CPU
		{73AAFD7E-E5F3-43E7-AEA7-016E9513ACDD}.Release|x86.ActiveCfg = Release|Any CPU
		{73AAFD7E-E5F3-43E7-AEA7-016E9513ACDD}.Release|x86.Build.0 = Release|Any CPU
	EndGlobalSection
	GlobalSection(NestedProjects) = preSolution
		{1A5DAAC4-B697-4F02-BACA-7EFBF3125AC5} = {ED6757F2-767E-4184-9B52-AF4D480366D6}
		{B51A62D7-6A5B-45B2-8DFA-4DD6D0F4B855} = {ED6757F2-767E-4184-9B52-AF4D480366D6}
		{73AAFD7E-E5F3-43E7-AEA7-016E9513ACDD} = {ED6757F2-767E-4184-9B52-AF4D480366D6}
	EndGlobalSection
EndGlobal
